
Microsoft Visual Studio Solution File, Format Version 12.00
# Visual Studio Version 16
VisualStudioVersion = 16.0.32228.343
MinimumVisualStudioVersion = 10.0.40219.1
Project("{FAE04EC0-301F-11D3-BF4B-00C04F79EFBC}") = "Semana3 - Ejercicio1", "Semana3 - Ejercicio1.csproj", "{99B42BA8-DDC4-481C-8A0B-A491086A8207}"
EndProject
Global
	GlobalSection(SolutionConfigurationPlatforms) = preSolution
		Debug|Any CPU = Debug|Any CPU
		Release|Any CPU = Release|Any CPU
	EndGlobalSection
	GlobalSection(ProjectConfigurationPlatforms) = postSolution
		{99B42BA8-DDC4-481C-8A0B-A491086A8207}.Debug|Any CPU.ActiveCfg = Debug|Any CPU
		{99B42BA8-DDC4-481C-8A0B-A491086A8207}.Debug|Any CPU.Build.0 = Debug|Any CPU
		{99B42BA8-DDC4-481C-8A0B-A491086A8207}.Release|Any CPU.ActiveCfg = Release|Any CPU
		{99B42BA8-DDC4-481C-8A0B-A491086A8207}.Release|Any CPU.Build.0 = Release|Any CPU
	EndGlobalSection
	GlobalSection(SolutionProperties) = preSolution
		HideSolutionNode = FALSE
	EndGlobalSection
	GlobalSection(ExtensibilityGlobals) = postSolution
		SolutionGuid = {2C661265-2741-47B5-9902-15211C0FFBF9}
	EndGlobalSection
EndGlobal
